{
	"name": "movietutorial.web",
	"version": "1.0.0",
	"lockfileVersion": 1,
	"requires": true,
	"dependencies": {
		"@types/jquery": {
			"version": "2.0.53",
			"resolved": "https://registry.npmjs.org/@types/jquery/-/jquery-2.0.53.tgz",
			"integrity": "sha512-MZKPWUhp5TKkoJ/58NSq6io+CSUCOHm2b3Z6U4+r9v70kktB0JM+eRjdp6YmDHtw0kK2XB7L2K7/FMIoziHjUA=="
		},
		"@types/jquery.blockui": {
			"version": "0.0.27",
			"resolved": "https://registry.npmjs.org/@types/jquery.blockui/-/jquery.blockui-0.0.27.tgz",
			"integrity": "sha1-6xcjUruBKnFRXDoUv32adRh7I1A=",
			"requires": {
				"@types/jquery": "*"
			}
		},
		"@types/jquery.cookie": {
			"version": "1.4.31",
			"resolved": "https://registry.npmjs.org/@types/jquery.cookie/-/jquery.cookie-1.4.31.tgz",
			"integrity": "sha512-m0wfCAh9nrzZuFVhhxhyb6VwI8nLvM7bAY7VecXhmJ0krfVqWkWhy5wAdO41XfiMhRPDutIjHdT/UTuS8uzoKQ==",
			"requires": {
				"@types/jquery": "*"
			}
		},
		"@types/jquery.validation": {
			"version": "1.16.6",
			"resolved": "https://registry.npmjs.org/@types/jquery.validation/-/jquery.validation-1.16.6.tgz",
			"integrity": "sha512-RA2bYZELFFmA17mxarjKdCtsn8EH0dOKgj7tpJmeLREkMaOj4H1PbD3UIBuAGQ3Yn8o5748l5IWUmWoAoRYgIw==",
			"requires": {
				"@types/jquery": "*"
			}
		},
		"@types/jqueryui": {
			"version": "1.12.7",
			"resolved": "https://registry.npmjs.org/@types/jqueryui/-/jqueryui-1.12.7.tgz",
			"integrity": "sha512-MpHuknhR20kBNsDA2VAM6WZGc+CMApzfKfTZuzMOH2dEUzo5POPGicfGJ647wvl2T6ZgQKPCSWmCUhna3XpX0Q==",
			"requires": {
				"@types/jquery": "*"
			}
		},
		"@types/jspdf": {
			"version": "1.2.2",
			"resolved": "https://registry.npmjs.org/@types/jspdf/-/jspdf-1.2.2.tgz",
			"integrity": "sha512-OeryGbolZyGuMGlVyn/D7g1KsVClNmbnt8DE9TgOxKG6ixMeG9f8iqspLuhhuQx8BS8zs8Tyn1yEth+ptdkVgw=="
		},
		"@types/sortablejs": {
			"version": "1.7.2",
			"resolved": "https://registry.npmjs.org/@types/sortablejs/-/sortablejs-1.7.2.tgz",
			"integrity": "sha512-yIxpbtlfhaFi2QyuUK54XcmzDWZf5i11CgTrMO4Vh+sKKZthonizkTcqhADeHdngDNTDVUCYfIcfIvpZRAZY+A=="
		},
		"@types/toastr": {
			"version": "2.1.36",
			"resolved": "https://registry.npmjs.org/@types/toastr/-/toastr-2.1.36.tgz",
			"integrity": "sha512-mz4eBVCNrH0AyGpt+6DLl/xE+CPrSqMfQs/cMTAGJl8W9W375DNOTYOon1GsuSJqVU1QqZ4jCuARzo4TNQNrDg==",
			"requires": {
				"@types/jquery": "*"
			}
		}
	}
}
